// !$*UTF8*$!
{
	archiveVersion = 1;
	classes = {
	};
	objectVersion = 46;
	objects = {

/* Begin PBXBuildFile section */
		012D17B01A9E1C6A00362426 /* AppDelegate.swift in Sources */ = {isa = PBXBuildFile; fileRef = 012D17AF1A9E1C6A00362426 /* AppDelegate.swift */; };
		012D17B21A9E1C6A00362426 /* MainViewController.swift in Sources */ = {isa = PBXBuildFile; fileRef = 012D17B11A9E1C6A00362426 /* MainViewController.swift */; };
		012D17B71A9E1C6A00362426 /* Images.xcassets in Resources */ = {isa = PBXBuildFile; fileRef = 012D17B61A9E1C6A00362426 /* Images.xcassets */; };
		012D17BA1A9E1C6A00362426 /* LaunchScreen.xib in Resources */ = {isa = PBXBuildFile; fileRef = 012D17B81A9E1C6A00362426 /* LaunchScreen.xib */; };
		012D17D01A9E1C9300362426 /* Acapulco.swift in Sources */ = {isa = PBXBuildFile; fileRef = 012D17CF1A9E1C9300362426 /* Acapulco.swift */; };
		01C6E0351A9E289500461A8A /* Acapulco.storyboard in Resources */ = {isa = PBXBuildFile; fileRef = 01C6E0341A9E289500461A8A /* Acapulco.storyboard */; };
		01C6E0371A9E7F7000461A8A /* ContentViewController.swift in Sources */ = {isa = PBXBuildFile; fileRef = 01C6E0361A9E7F7000461A8A /* ContentViewController.swift */; };
		01E2DA5B1A9F113F00FA5D39 /* NotificationFactory.swift in Sources */ = {isa = PBXBuildFile; fileRef = 01E2DA5A1A9F113F00FA5D39 /* NotificationFactory.swift */; };
		01E2DA5D1A9F213300FA5D39 /* PushPermissionViewController.swift in Sources */ = {isa = PBXBuildFile; fileRef = 01E2DA5C1A9F213300FA5D39 /* PushPermissionViewController.swift */; };
		01E2DA5F1A9F225F00FA5D39 /* DoneViewController.swift in Sources */ = {isa = PBXBuildFile; fileRef = 01E2DA5E1A9F225F00FA5D39 /* DoneViewController.swift */; };
		955084B41A9F40C5009BBFD8 /* README.html in Resources */ = {isa = PBXBuildFile; fileRef = 955084B31A9F40C5009BBFD8 /* README.html */; };
/* End PBXBuildFile section */

/* Begin PBXFileReference section */
		012D17AA1A9E1C6A00362426 /* AcapulcoSample.app */ = {isa = PBXFileReference; explicitFileType = wrapper.application; includeInIndex = 0; path = AcapulcoSample.app; sourceTree = BUILT_PRODUCTS_DIR; };
		012D17AE1A9E1C6A00362426 /* Info.plist */ = {isa = PBXFileReference; lastKnownFileType = text.plist.xml; path = Info.plist; sourceTree = "<group>"; };
		012D17AF1A9E1C6A00362426 /* AppDelegate.swift */ = {isa = PBXFileReference; lastKnownFileType = sourcecode.swift; path = AppDelegate.swift; sourceTree = "<group>"; };
		012D17B11A9E1C6A00362426 /* MainViewController.swift */ = {isa = PBXFileReference; lastKnownFileType = sourcecode.swift; path = MainViewController.swift; sourceTree = "<group>"; };
		012D17B61A9E1C6A00362426 /* Images.xcassets */ = {isa = PBXFileReference; lastKnownFileType = folder.assetcatalog; path = Images.xcassets; sourceTree = "<group>"; };
		012D17B91A9E1C6A00362426 /* Base */ = {isa = PBXFileReference; lastKnownFileType = text.xml; name = Base; path = Base.lproj/LaunchScreen.xib; sourceTree = "<group>"; };
		012D17C41A9E1C6A00362426 /* Info.plist */ = {isa = PBXFileReference; lastKnownFileType = text.plist.xml; path = Info.plist; sourceTree = "<group>"; };
		012D17C51A9E1C6A00362426 /* AcapulcoSampleTests.swift */ = {isa = PBXFileReference; lastKnownFileType = sourcecode.swift; path = AcapulcoSampleTests.swift; sourceTree = "<group>"; };
		012D17CF1A9E1C9300362426 /* Acapulco.swift */ = {isa = PBXFileReference; fileEncoding = 4; lastKnownFileType = sourcecode.swift; path = Acapulco.swift; sourceTree = "<group>"; };
		01C6E0341A9E289500461A8A /* Acapulco.storyboard */ = {isa = PBXFileReference; fileEncoding = 4; lastKnownFileType = file.storyboard; name = Acapulco.storyboard; path = ../Acapulco.storyboard; sourceTree = "<group>"; };
		01C6E0361A9E7F7000461A8A /* ContentViewController.swift */ = {isa = PBXFileReference; fileEncoding = 4; lastKnownFileType = sourcecode.swift; path = ContentViewController.swift; sourceTree = "<group>"; };
		01E2DA5A1A9F113F00FA5D39 /* NotificationFactory.swift */ = {isa = PBXFileReference; fileEncoding = 4; lastKnownFileType = sourcecode.swift; path = NotificationFactory.swift; sourceTree = "<group>"; };
		01E2DA5C1A9F213300FA5D39 /* PushPermissionViewController.swift */ = {isa = PBXFileReference; fileEncoding = 4; lastKnownFileType = sourcecode.swift; path = PushPermissionViewController.swift; sourceTree = "<group>"; };
		01E2DA5E1A9F225F00FA5D39 /* DoneViewController.swift */ = {isa = PBXFileReference; fileEncoding = 4; lastKnownFileType = sourcecode.swift; path = DoneViewController.swift; sourceTree = "<group>"; };
		955084B31A9F40C5009BBFD8 /* README.html */ = {isa = PBXFileReference; fileEncoding = 4; lastKnownFileType = text.html; path = README.html; sourceTree = SOURCE_ROOT; };
/* End PBXFileReference section */

/* Begin PBXFrameworksBuildPhase section */
		012D17A71A9E1C6A00362426 /* Frameworks */ = {
			isa = PBXFrameworksBuildPhase;
			buildActionMask = 2147483647;
			files = (
			);
			runOnlyForDeploymentPostprocessing = 0;
		};
/* End PBXFrameworksBuildPhase section */

/* Begin PBXGroup section */
		012D17A11A9E1C6A00362426 = {
			isa = PBXGroup;
			children = (
				012D17AC1A9E1C6A00362426 /* AcapulcoSample */,
				012D17C21A9E1C6A00362426 /* AcapulcoSampleTests */,
				012D17AB1A9E1C6A00362426 /* Products */,
			);
			sourceTree = "<group>";
		};
		012D17AB1A9E1C6A00362426 /* Products */ = {
			isa = PBXGroup;
			children = (
				012D17AA1A9E1C6A00362426 /* AcapulcoSample.app */,
			);
			name = Products;
			sourceTree = "<group>";
		};
		012D17AC1A9E1C6A00362426 /* AcapulcoSample */ = {
			isa = PBXGroup;
			children = (
				012D17CF1A9E1C9300362426 /* Acapulco.swift */,
				012D17AF1A9E1C6A00362426 /* AppDelegate.swift */,
				01C6E0361A9E7F7000461A8A /* ContentViewController.swift */,
				012D17B11A9E1C6A00362426 /* MainViewController.swift */,
				01E2DA5A1A9F113F00FA5D39 /* NotificationFactory.swift */,
				01C6E0341A9E289500461A8A /* Acapulco.storyboard */,
				012D17B61A9E1C6A00362426 /* Images.xcassets */,
				012D17B81A9E1C6A00362426 /* LaunchScreen.xib */,
				012D17AD1A9E1C6A00362426 /* Supporting Files */,
				01E2DA5C1A9F213300FA5D39 /* PushPermissionViewController.swift */,
				01E2DA5E1A9F225F00FA5D39 /* DoneViewController.swift */,
			);
			path = AcapulcoSample;
			sourceTree = "<group>";
		};
		012D17AD1A9E1C6A00362426 /* Supporting Files */ = {
			isa = PBXGroup;
			children = (
				955084B31A9F40C5009BBFD8 /* README.html */,
				012D17AE1A9E1C6A00362426 /* Info.plist */,
			);
			name = "Supporting Files";
			sourceTree = "<group>";
		};
		012D17C21A9E1C6A00362426 /* AcapulcoSampleTests */ = {
			isa = PBXGroup;
			children = (
				012D17C51A9E1C6A00362426 /* AcapulcoSampleTests.swift */,
				012D17C31A9E1C6A00362426 /* Supporting Files */,
			);
			path = AcapulcoSampleTests;
			sourceTree = "<group>";
		};
		012D17C31A9E1C6A00362426 /* Supporting Files */ = {
			isa = PBXGroup;
			children = (
				012D17C41A9E1C6A00362426 /* Info.plist */,
			);
			name = "Supporting Files";
			sourceTree = "<group>";
		};
/* End PBXGroup section */

/* Begin PBXNativeTarget section */
		012D17A91A9E1C6A00362426 /* AcapulcoSample */ = {
			isa = PBXNativeTarget;
			buildConfigurationList = 012D17C91A9E1C6A00362426 /* Build configuration list for PBXNativeTarget "AcapulcoSample" */;
			buildPhases = (
				012D17A61A9E1C6A00362426 /* Sources */,
				012D17A71A9E1C6A00362426 /* Frameworks */,
				012D17A81A9E1C6A00362426 /* Resources */,
			);
			buildRules = (
			);
			dependencies = (
			);
			name = AcapulcoSample;
			productName = AcapulcoSample;
			productReference = 012D17AA1A9E1C6A00362426 /* AcapulcoSample.app */;
			productType = "com.apple.product-type.application";
		};
/* End PBXNativeTarget section */

/* Begin PBXProject section */
		012D17A21A9E1C6A00362426 /* Project object */ = {
			isa = PBXProject;
			attributes = {
				LastUpgradeCheck = 0630;
				ORGANIZATIONNAME = "Dimension s.r.l.";
				TargetAttributes = {
					012D17A91A9E1C6A00362426 = {
						CreatedOnToolsVersion = 6.3;
						DevelopmentTeam = GXH4K8J6KR;
						SystemCapabilities = {
							com.apple.BackgroundModes = {
								enabled = 1;
							};
						};
					};
				};
			};
			buildConfigurationList = 012D17A51A9E1C6A00362426 /* Build configuration list for PBXProject "AcapulcoSample" */;
			compatibilityVersion = "Xcode 3.2";
			developmentRegion = English;
			hasScannedForEncodings = 0;
			knownRegions = (
				en,
				Base,
			);
			mainGroup = 012D17A11A9E1C6A00362426;
			productRefGroup = 012D17AB1A9E1C6A00362426 /* Products */;
			projectDirPath = "";
			projectRoot = "";
			targets = (
				012D17A91A9E1C6A00362426 /* AcapulcoSample */,
			);
		};
/* End PBXProject section */

/* Begin PBXResourcesBuildPhase section */
		012D17A81A9E1C6A00362426 /* Resources */ = {
			isa = PBXResourcesBuildPhase;
			buildActionMask = 2147483647;
			files = (
				955084B41A9F40C5009BBFD8 /* README.html in Resources */,
				012D17BA1A9E1C6A00362426 /* LaunchScreen.xib in Resources */,
				01C6E0351A9E289500461A8A /* Acapulco.storyboard in Resources */,
				012D17B71A9E1C6A00362426 /* Images.xcassets in Resources */,
			);
			runOnlyForDeploymentPostprocessing = 0;
		};
/* End PBXResourcesBuildPhase section */

/* Begin PBXSourcesBuildPhase section */
		012D17A61A9E1C6A00362426 /* Sources */ = {
			isa = PBXSourcesBuildPhase;
			buildActionMask = 2147483647;
			files = (
				01E2DA5F1A9F225F00FA5D39 /* DoneViewController.swift in Sources */,
				01C6E0371A9E7F7000461A8A /* ContentViewController.swift in Sources */,
				012D17D01A9E1C9300362426 /* Acapulco.swift in Sources */,
				012D17B21A9E1C6A00362426 /* MainViewController.swift in Sources */,
				01E2DA5D1A9F213300FA5D39 /* PushPermissionViewController.swift in Sources */,
				012D17B01A9E1C6A00362426 /* AppDelegate.swift in Sources */,
				01E2DA5B1A9F113F00FA5D39 /* NotificationFactory.swift in Sources */,
			);
			runOnlyForDeploymentPostprocessing = 0;
		};
/* End PBXSourcesBuildPhase section */

/* Begin PBXVariantGroup section */
		012D17B81A9E1C6A00362426 /* LaunchScreen.xib */ = {
			isa = PBXVariantGroup;
			children = (
				012D17B91A9E1C6A00362426 /* Base */,
			);
			name = LaunchScreen.xib;
			sourceTree = "<group>";
		};
/* End PBXVariantGroup section */

/* Begin XCBuildConfiguration section */
		012D17C71A9E1C6A00362426 /* Debug */ = {
			isa = XCBuildConfiguration;
			buildSettings = {
				ALWAYS_SEARCH_USER_PATHS = NO;
				CLANG_CXX_LANGUAGE_STANDARD = "gnu++0x";
				CLANG_CXX_LIBRARY = "libc++";
				CLANG_ENABLE_MODULES = YES;
				CLANG_ENABLE_OBJC_ARC = YES;
				CLANG_WARN_BOOL_CONVERSION = YES;
				CLANG_WARN_CONSTANT_CONVERSION = YES;
				CLANG_WARN_DIRECT_OBJC_ISA_USAGE = YES_ERROR;
				CLANG_WARN_EMPTY_BODY = YES;
				CLANG_WARN_ENUM_CONVERSION = YES;
				CLANG_WARN_INT_CONVERSION = YES;
				CLANG_WARN_OBJC_ROOT_CLASS = YES_ERROR;
				CLANG_WARN_UNREACHABLE_CODE = YES;
				CLANG_WARN__DUPLICATE_METHOD_MATCH = YES;
				COPY_PHASE_STRIP = NO;
				DEBUG_INFORMATION_FORMAT = dwarf;
				ENABLE_STRICT_OBJC_MSGSEND = YES;
				GCC_C_LANGUAGE_STANDARD = gnu99;
				GCC_DYNAMIC_NO_PIC = NO;
				GCC_NO_COMMON_BLOCKS = YES;
				GCC_OPTIMIZATION_LEVEL = 0;
				GCC_PREPROCESSOR_DEFINITIONS = (
					"DEBUG=1",
					"$(inherited)",
				);
				GCC_SYMBOLS_PRIVATE_EXTERN = NO;
				GCC_WARN_64_TO_32_BIT_CONVERSION = YES;
				GCC_WARN_ABOUT_RETURN_TYPE = YES_ERROR;
				GCC_WARN_UNDECLARED_SELECTOR = YES;
				GCC_WARN_UNINITIALIZED_AUTOS = YES_AGGRESSIVE;
				GCC_WARN_UNUSED_FUNCTION = YES;
				GCC_WARN_UNUSED_VARIABLE = YES;
				IPHONEOS_DEPLOYMENT_TARGET = 8.3;
				MTL_ENABLE_DEBUG_INFO = YES;
				ONLY_ACTIVE_ARCH = YES;
				SDKROOT = iphoneos;
				SWIFT_OPTIMIZATION_LEVEL = "-Onone";
				TARGETED_DEVICE_FAMILY = "1,2";
			};
			name = Debug;
		};
		012D17C81A9E1C6A00362426 /* Release */ = {
			isa = XCBuildConfiguration;
			buildSettings = {
				ALWAYS_SEARCH_USER_PATHS = NO;
				CLANG_CXX_LANGUAGE_STANDARD = "gnu++0x";
				CLANG_CXX_LIBRARY = "libc++";
				CLANG_ENABLE_MODULES = YES;
				CLANG_ENABLE_OBJC_ARC = YES;
				CLANG_WARN_BOOL_CONVERSION = YES;
				CLANG_WARN_CONSTANT_CONVERSION = YES;
				CLANG_WARN_DIRECT_OBJC_ISA_USAGE = YES_ERROR;
				CLANG_WARN_EMPTY_BODY = YES;
				CLANG_WARN_ENUM_CONVERSION = YES;
				CLANG_WARN_INT_CONVERSION = YES;
				CLANG_WARN_OBJC_ROOT_CLASS = YES_ERROR;
				CLANG_WARN_UNREACHABLE_CODE = YES;
				CLANG_WARN__DUPLICATE_METHOD_MATCH = YES;
				COPY_PHASE_STRIP = NO;
				DEBUG_INFORMATION_FORMAT = "dwarf-with-dsym";
				ENABLE_NS_ASSERTIONS = NO;
				ENABLE_STRICT_OBJC_MSGSEND = YES;
				GCC_C_LANGUAGE_STANDARD = gnu99;
				GCC_NO_COMMON_BLOCKS = YES;
				GCC_WARN_64_TO_32_BIT_CONVERSION = YES;
				GCC_WARN_ABOUT_RETURN_TYPE = YES_ERROR;
				GCC_WARN_UNDECLARED_SELECTOR = YES;
				GCC_WARN_UNINITIALIZED_AUTOS = YES_AGGRESSIVE;
				GCC_WARN_UNUSED_FUNCTION = YES;
				GCC_WARN_UNUSED_VARIABLE = YES;
				IPHONEOS_DEPLOYMENT_TARGET = 8.3;
				MTL_ENABLE_DEBUG_INFO = NO;
				SDKROOT = iphoneos;
				TARGETED_DEVICE_FAMILY = "1,2";
				VALIDATE_PRODUCT = YES;
			};
			name = Release;
		};
		012D17CA1A9E1C6A00362426 /* Debug */ = {
			isa = XCBuildConfiguration;
			buildSettings = {
				ASSETCATALOG_COMPILER_APPICON_NAME = AppIcon;
				ASSETCATALOG_COMPILER_LAUNCHIMAGE_NAME = LaunchImage;
				CODE_SIGN_IDENTITY = "iPhone Developer";
				"CODE_SIGN_IDENTITY[sdk=iphoneos*]" = "iPhone Developer";
				INFOPLIST_FILE = AcapulcoSample/Info.plist;
				IPHONEOS_DEPLOYMENT_TARGET = 8.0;
				LD_RUNPATH_SEARCH_PATHS = "$(inherited) @executable_path/Frameworks";
				"OTHER_SWIFT_FLAGS[arch=*]" = "-D DEBUG";
				PRODUCT_NAME = "$(TARGET_NAME)";
				PROVISIONING_PROFILE = "";
				TARGETED_DEVICE_FAMILY = 1;
			};
			name = Debug;
		};
		012D17CB1A9E1C6A00362426 /* Release */ = {
			isa = XCBuildConfiguration;
			buildSettings = {
				ASSETCATALOG_COMPILER_APPICON_NAME = AppIcon;
				ASSETCATALOG_COMPILER_LAUNCHIMAGE_NAME = LaunchImage;
				CODE_SIGN_IDENTITY = "iPhone Developer";
				"CODE_SIGN_IDENTITY[sdk=iphoneos*]" = "iPhone Developer";
				INFOPLIST_FILE = AcapulcoSample/Info.plist;
				IPHONEOS_DEPLOYMENT_TARGET = 8.0;
				LD_RUNPATH_SEARCH_PATHS = "$(inherited) @executable_path/Frameworks";
				PRODUCT_NAME = "$(TARGET_NAME)";
				PROVISIONING_PROFILE = "";
				TARGETED_DEVICE_FAMILY = 1;
			};
			name = Release;
		};
/* End XCBuildConfiguration section */

/* Begin XCConfigurationList section */
		012D17A51A9E1C6A00362426 /* Build configuration list for PBXProject "AcapulcoSample" */ = {
			isa = XCConfigurationList;
			buildConfigurations = (
				012D17C71A9E1C6A00362426 /* Debug */,
				012D17C81A9E1C6A00362426 /* Release */,
			);
			defaultConfigurationIsVisible = 0;
			defaultConfigurationName = Release;
		};
		012D17C91A9E1C6A00362426 /* Build configuration list for PBXNativeTarget "AcapulcoSample" */ = {
			isa = XCConfigurationList;
			buildConfigurations = (
				012D17CA1A9E1C6A00362426 /* Debug */,
				012D17CB1A9E1C6A00362426 /* Release */,
			);
			defaultConfigurationIsVisible = 0;
			defaultConfigurationName = Release;
		};
/* End XCConfigurationList section */
	};
	rootObject = 012D17A21A9E1C6A00362426 /* Project object */;
}
